{
    "_readme": [
        "This file locks the dependencies of your project to a known state",
        "Read more about it at https://getcomposer.org/doc/01-basic-usage.md#installing-dependencies",
        "This file is @generated automatically"
    ],
    "content-hash": "dfb3f14a51895bb18a6802b3df7f72cc",
    "packages": [
        {
            "name": "mrclay/minify",
            "version": "2.3.3",
            "source": {
                "type": "git",
                "url": "https://github.com/mrclay/minify.git",
                "reference": "1928e89208d28e91427b2f13b67acdbd8cd01ac9"
            },
            "dist": {
                "type": "zip",
                "url": "https://api.github.com/repos/mrclay/minify/zipball/1928e89208d28e91427b2f13b67acdbd8cd01ac9",
                "reference": "1928e89208d28e91427b2f13b67acdbd8cd01ac9",
                "shasum": ""
            },
            "require": {
                "ext-pcre": "*",
                "php": ">=5.2.1"
            },
            "require-dev": {
                "tubalmartin/cssmin": "~2.4.8"
            },
            "suggest": {
                "tubalmartin/cssmin": "Support minify with CSSMin (YUI PHP port)"
            },
            "type": "library",
            "autoload": {
                "classmap": [
                    "min/lib/"
                ]
            },
            "notification-url": "https://packagist.org/downloads/",
            "license": [
                "BSD-3-Clause"
            ],
            "authors": [
                {
                    "name": "Stephen Clay",
                    "email": "steve@mrclay.org",
                    "role": "Developer"
                }
            ],
            "description": "Minify is a PHP5 app that helps you follow several rules for client-side performance. It combines multiple CSS or Javascript files, removes unnecessary whitespace and comments, and serves them with gzip encoding and optimal client-side cache headers",
            "homepage": "http://code.google.com/p/minify/",
            "support": {
                "email": "minify@googlegroups.com",
                "issues": "http://code.google.com/p/minify/issues/list",
                "source": "https://github.com/mrclay/minify/tree/2.x",
                "wiki": "http://code.google.com/p/minify/w/list"
            },
            "time": "2017-11-03T21:04:01+00:00"
        },
        {
            "name": "mvccore/packager",
            "version": "v2.5.1",
            "source": {
                "type": "git",
                "url": "https://github.com/mvccore/packager.git",
                "reference": "a47c390353d0dde2248a7500f7c816a7ef2fc5bf"
            },
            "dist": {
                "type": "zip",
                "url": "https://api.github.com/repos/mvccore/packager/zipball/a47c390353d0dde2248a7500f7c816a7ef2fc5bf",
                "reference": "a47c390353d0dde2248a7500f7c816a7ef2fc5bf",
                "shasum": ""
            },
            "require": {
                "mrclay/minify": "2.3.*",
                "php": ">=5.4.0"
            },
            "type": "library",
            "autoload": {
                "classmap": [
                    "src/"
                ]
            },
            "notification-url": "https://packagist.org/downloads/",
            "license": [
                "BSD-3-Clause"
            ],
            "authors": [
                {
                    "name": "Tom Flidr",
                    "homepage": "https://github.com/tomFlidr"
                }
            ],
            "description": "Library to pack any type of app into PHAR archive or any MvcCore app into single PHP super fast result file.",
            "keywords": [
                "framework",
                "mvc",
                "mvccore",
                "packager",
                "packed app",
                "packing",
                "packing to phar",
                "packing to php",
                "single file app",
                "super fast php app"
            ],
            "support": {
                "issues": "https://github.com/mvccore/packager/issues",
                "source": "https://github.com/mvccore/packager/tree/v2.5.1"
            },
            "time": "2023-12-13T12:47:06+00:00"
        }
    ],
    "packages-dev": [],
    "aliases": [],
    "minimum-stability": "dev",
    "stability-flags": {},
    "prefer-stable": true,
    "prefer-lowest": false,
    "platform": {
        "php": ">=5.4.0"
    },
    "platform-dev": {},
    "plugin-api-version": "2.9.0"
}
